
Microsoft Visual Studio Solution File, Format Version 12.00
# Visual Studio Version 16
VisualStudioVersion = 16.0.30413.136
MinimumVisualStudioVersion = 10.0.40219.1
Project("{9A19103F-16F7-4668-BE54-9A1E7A4F7556}") = "Hospital.Domain", "..\Hospital.Domain\Hospital.Domain.csproj", "{90D1624F-C548-4835-A1C2-1062B442270C}"
EndProject
Project("{9A19103F-16F7-4668-BE54-9A1E7A4F7556}") = "Hospital.EntityFramework", "..\Hospital.EntityFramework\Hospital.EntityFramework.csproj", "{F4FA8C8E-0E92-4AB2-9839-DFE36389637D}"
EndProject
Project("{9A19103F-16F7-4668-BE54-9A1E7A4F7556}") = "Hospital.UI", "..\Hospital.UI\Hospital.UI.csproj", "{1A4AC8FA-39B9-467A-8F4A-963035A2FD36}"
EndProject
Project("{9A19103F-16F7-4668-BE54-9A1E7A4F7556}") = "WPFApp1", "WPFApp1.csproj", "{455F4843-206D-42AF-B044-CC5094E17AA6}"
EndProject
Project("{FAE04EC0-301F-11D3-BF4B-00C04F79EFBC}") = "Hospital.Console", "..\Hospital.Console\Hospital.Console.csproj", "{7A797917-7658-4205-975B-44D818C917D8}"
	ProjectSection(ProjectDependencies) = postProject
		{90D1624F-C548-4835-A1C2-1062B442270C} = {90D1624F-C548-4835-A1C2-1062B442270C}
		{F4FA8C8E-0E92-4AB2-9839-DFE36389637D} = {F4FA8C8E-0E92-4AB2-9839-DFE36389637D}
	EndProjectSection
EndProject
Global
	GlobalSection(SolutionConfigurationPlatforms) = preSolution
		Debug|Any CPU = Debug|Any CPU
		Release|Any CPU = Release|Any CPU
	EndGlobalSection
	GlobalSection(ProjectConfigurationPlatforms) = postSolution
		{90D1624F-C548-4835-A1C2-1062B442270C}.Debug|Any CPU.ActiveCfg = Debug|Any CPU
		{90D1624F-C548-4835-A1C2-1062B442270C}.Debug|Any CPU.Build.0 = Debug|Any CPU
		{90D1624F-C548-4835-A1C2-1062B442270C}.Release|Any CPU.ActiveCfg = Release|Any CPU
		{90D1624F-C548-4835-A1C2-1062B442270C}.Release|Any CPU.Build.0 = Release|Any CPU
		{F4FA8C8E-0E92-4AB2-9839-DFE36389637D}.Debug|Any CPU.ActiveCfg = Debug|Any CPU
		{F4FA8C8E-0E92-4AB2-9839-DFE36389637D}.Debug|Any CPU.Build.0 = Debug|Any CPU
		{F4FA8C8E-0E92-4AB2-9839-DFE36389637D}.Release|Any CPU.ActiveCfg = Release|Any CPU
		{F4FA8C8E-0E92-4AB2-9839-DFE36389637D}.Release|Any CPU.Build.0 = Release|Any CPU
		{1A4AC8FA-39B9-467A-8F4A-963035A2FD36}.Debug|Any CPU.ActiveCfg = Debug|Any CPU
		{1A4AC8FA-39B9-467A-8F4A-963035A2FD36}.Debug|Any CPU.Build.0 = Debug|Any CPU
		{1A4AC8FA-39B9-467A-8F4A-963035A2FD36}.Release|Any CPU.ActiveCfg = Release|Any CPU
		{1A4AC8FA-39B9-467A-8F4A-963035A2FD36}.Release|Any CPU.Build.0 = Release|Any CPU
		{455F4843-206D-42AF-B044-CC5094E17AA6}.Debug|Any CPU.ActiveCfg = Debug|Any CPU
		{455F4843-206D-42AF-B044-CC5094E17AA6}.Debug|Any CPU.Build.0 = Debug|Any CPU
		{455F4843-206D-42AF-B044-CC5094E17AA6}.Release|Any CPU.ActiveCfg = Release|Any CPU
		{455F4843-206D-42AF-B044-CC5094E17AA6}.Release|Any CPU.Build.0 = Release|Any CPU
		{7A797917-7658-4205-975B-44D818C917D8}.Debug|Any CPU.ActiveCfg = Debug|Any CPU
		{7A797917-7658-4205-975B-44D818C917D8}.Debug|Any CPU.Build.0 = Debug|Any CPU
		{7A797917-7658-4205-975B-44D818C917D8}.Release|Any CPU.ActiveCfg = Release|Any CPU
		{7A797917-7658-4205-975B-44D818C917D8}.Release|Any CPU.Build.0 = Release|Any CPU
	EndGlobalSection
	GlobalSection(SolutionProperties) = preSolution
		HideSolutionNode = FALSE
	EndGlobalSection
	GlobalSection(ExtensibilityGlobals) = postSolution
		SolutionGuid = {67AAF7D5-6746-4908-B1F6-C0B4A314AC28}
	EndGlobalSection
EndGlobal
